// !$*UTF8*$!
{
	archiveVersion = 1;
	classes = {
	};
	objectVersion = 56;
	objects = {

/* Begin PBXBuildFile section */
		A9C25E0929969A3D0028CA0A /* AnyAppApp.swift in Sources */ = {isa = PBXBuildFile; fileRef = A9C25E0829969A3D0028CA0A /* AnyAppApp.swift */; };
		A9C25E0B29969A3D0028CA0A /* ContentView.swift in Sources */ = {isa = PBXBuildFile; fileRef = A9C25E0A29969A3D0028CA0A /* ContentView.swift */; };
		A9C25E0D29969A3E0028CA0A /* Assets.xcassets in Resources */ = {isa = PBXBuildFile; fileRef = A9C25E0C29969A3E0028CA0A /* Assets.xcassets */; };
		A9C25E1029969A3E0028CA0A /* Preview Assets.xcassets in Resources */ = {isa = PBXBuildFile; fileRef = A9C25E0F29969A3E0028CA0A /* Preview Assets.xcassets */; };
		A9C25E1A29969A3E0028CA0A /* AnyAppTests.swift in Sources */ = {isa = PBXBuildFile; fileRef = A9C25E1929969A3E0028CA0A /* AnyAppTests.swift */; };
		A9C25E2429969A3E0028CA0A /* AnyAppUITests.swift in Sources */ = {isa = PBXBuildFile; fileRef = A9C25E2329969A3E0028CA0A /* AnyAppUITests.swift */; };
		A9C25E2629969A3E0028CA0A /* AnyAppUITestsLaunchTests.swift in Sources */ = {isa = PBXBuildFile; fileRef = A9C25E2529969A3E0028CA0A /* AnyAppUITestsLaunchTests.swift */; };
/* End PBXBuildFile section */

/* Begin PBXContainerItemProxy section */
		A9C25E1629969A3E0028CA0A /* PBXContainerItemProxy */ = {
			isa = PBXContainerItemProxy;
			containerPortal = A9C25DFD29969A3D0028CA0A /* Project object */;
			proxyType = 1;
			remoteGlobalIDString = A9C25E0429969A3D0028CA0A;
			remoteInfo = AnyApp;
		};
		A9C25E2029969A3E0028CA0A /* PBXContainerItemProxy */ = {
			isa = PBXContainerItemProxy;
			containerPortal = A9C25DFD29969A3D0028CA0A /* Project object */;
			proxyType = 1;
			remoteGlobalIDString = A9C25E0429969A3D0028CA0A;
			remoteInfo = AnyApp;
		};
/* End PBXContainerItemProxy section */

/* Begin PBXFileReference section */
		A9C25E0529969A3D0028CA0A /* AnyApp.app */ = {isa = PBXFileReference; explicitFileType = wrapper.application; includeInIndex = 0; path = AnyApp.app; sourceTree = BUILT_PRODUCTS_DIR; };
		A9C25E0829969A3D0028CA0A /* AnyAppApp.swift */ = {isa = PBXFileReference; lastKnownFileType = sourcecode.swift; path = AnyAppApp.swift; sourceTree = "<group>"; };
		A9C25E0A29969A3D0028CA0A /* ContentView.swift */ = {isa = PBXFileReference; lastKnownFileType = sourcecode.swift; path = ContentView.swift; sourceTree = "<group>"; };
		A9C25E0C29969A3E0028CA0A /* Assets.xcassets */ = {isa = PBXFileReference; lastKnownFileType = folder.assetcatalog; path = Assets.xcassets; sourceTree = "<group>"; };
		A9C25E0F29969A3E0028CA0A /* Preview Assets.xcassets */ = {isa = PBXFileReference; lastKnownFileType = folder.assetcatalog; path = "Preview Assets.xcassets"; sourceTree = "<group>"; };
		A9C25E1529969A3E0028CA0A /* AnyAppTests.xctest */ = {isa = PBXFileReference; explicitFileType = wrapper.cfbundle; includeInIndex = 0; path = AnyAppTests.xctest; sourceTree = BUILT_PRODUCTS_DIR; };
		A9C25E1929969A3E0028CA0A /* AnyAppTests.swift */ = {isa = PBXFileReference; lastKnownFileType = sourcecode.swift; path = AnyAppTests.swift; sourceTree = "<group>"; };
		A9C25E1F29969A3E0028CA0A /* AnyAppUITests.xctest */ = {isa = PBXFileReference; explicitFileType = wrapper.cfbundle; includeInIndex = 0; path = AnyAppUITests.xctest; sourceTree = BUILT_PRODUCTS_DIR; };
		A9C25E2329969A3E0028CA0A /* AnyAppUITests.swift */ = {isa = PBXFileReference; lastKnownFileType = sourcecode.swift; path = AnyAppUITests.swift; sourceTree = "<group>"; };
		A9C25E2529969A3E0028CA0A /* AnyAppUITestsLaunchTests.swift */ = {isa = PBXFileReference; lastKnownFileType = sourcecode.swift; path = AnyAppUITestsLaunchTests.swift; sourceTree = "<group>"; };
/* End PBXFileReference section */

/* Begin PBXFrameworksBuildPhase section */
		A9C25E0229969A3D0028CA0A /* Frameworks */ = {
			isa = PBXFrameworksBuildPhase;
			buildActionMask = 2147483647;
			files = (
			);
			runOnlyForDeploymentPostprocessing = 0;
		};
		A9C25E1229969A3E0028CA0A /* Frameworks */ = {
			isa = PBXFrameworksBuildPhase;
			buildActionMask = 2147483647;
			files = (
			);
			runOnlyForDeploymentPostprocessing = 0;
		};
		A9C25E1C29969A3E0028CA0A /* Frameworks */ = {
			isa = PBXFrameworksBuildPhase;
			buildActionMask = 2147483647;
			files = (
			);
			runOnlyForDeploymentPostprocessing = 0;
		};
/* End PBXFrameworksBuildPhase section */

/* Begin PBXGroup section */
		A9C25DFC29969A3D0028CA0A = {
			isa = PBXGroup;
			children = (
				A9C25E0729969A3D0028CA0A /* AnyApp */,
				A9C25E1829969A3E0028CA0A /* AnyAppTests */,
				A9C25E2229969A3E0028CA0A /* AnyAppUITests */,
				A9C25E0629969A3D0028CA0A /* Products */,
			);
			sourceTree = "<group>";
		};
		A9C25E0629969A3D0028CA0A /* Products */ = {
			isa = PBXGroup;
			children = (
				A9C25E0529969A3D0028CA0A /* AnyApp.app */,
				A9C25E1529969A3E0028CA0A /* AnyAppTests.xctest */,
				A9C25E1F29969A3E0028CA0A /* AnyAppUITests.xctest */,
			);
			name = Products;
			sourceTree = "<group>";
		};
		A9C25E0729969A3D0028CA0A /* AnyApp */ = {
			isa = PBXGroup;
			children = (
				A9C25E0829969A3D0028CA0A /* AnyAppApp.swift */,
				A9C25E0A29969A3D0028CA0A /* ContentView.swift */,
				A9C25E0C29969A3E0028CA0A /* Assets.xcassets */,
				A9C25E0E29969A3E0028CA0A /* Preview Content */,
			);
			path = AnyApp;
			sourceTree = "<group>";
		};
		A9C25E0E29969A3E0028CA0A /* Preview Content */ = {
			isa = PBXGroup;
			children = (
				A9C25E0F29969A3E0028CA0A /* Preview Assets.xcassets */,
			);
			path = "Preview Content";
			sourceTree = "<group>";
		};
		A9C25E1829969A3E0028CA0A /* AnyAppTests */ = {
			isa = PBXGroup;
			children = (
				A9C25E1929969A3E0028CA0A /* AnyAppTests.swift */,
			);
			path = AnyAppTests;
			sourceTree = "<group>";
		};
		A9C25E2229969A3E0028CA0A /* AnyAppUITests */ = {
			isa = PBXGroup;
			children = (
				A9C25E2329969A3E0028CA0A /* AnyAppUITests.swift */,
				A9C25E2529969A3E0028CA0A /* AnyAppUITestsLaunchTests.swift */,
			);
			path = AnyAppUITests;
			sourceTree = "<group>";
		};
/* End PBXGroup section */

/* Begin PBXNativeTarget section */
		A9C25E0429969A3D0028CA0A /* AnyApp */ = {
			isa = PBXNativeTarget;
			buildConfigurationList = A9C25E2929969A3E0028CA0A /* Build configuration list for PBXNativeTarget "AnyApp" */;
			buildPhases = (
				A9C25E0129969A3D0028CA0A /* Sources */,
				A9C25E0229969A3D0028CA0A /* Frameworks */,
				A9C25E0329969A3D0028CA0A /* Resources */,
			);
			buildRules = (
			);
			dependencies = (
			);
			name = AnyApp;
			productName = AnyApp;
			productReference = A9C25E0529969A3D0028CA0A /* AnyApp.app */;
			productType = "com.apple.product-type.application";
		};
		A9C25E1429969A3E0028CA0A /* AnyAppTests */ = {
			isa = PBXNativeTarget;
			buildConfigurationList = A9C25E2C29969A3E0028CA0A /* Build configuration list for PBXNativeTarget "AnyAppTests" */;
			buildPhases = (
				A9C25E1129969A3E0028CA0A /* Sources */,
				A9C25E1229969A3E0028CA0A /* Frameworks */,
				A9C25E1329969A3E0028CA0A /* Resources */,
			);
			buildRules = (
			);
			dependencies = (
				A9C25E1729969A3E0028CA0A /* PBXTargetDependency */,
			);
			name = AnyAppTests;
			productName = AnyAppTests;
			productReference = A9C25E1529969A3E0028CA0A /* AnyAppTests.xctest */;
			productType = "com.apple.product-type.bundle.unit-test";
		};
		A9C25E1E29969A3E0028CA0A /* AnyAppUITests */ = {
			isa = PBXNativeTarget;
			buildConfigurationList = A9C25E2F29969A3E0028CA0A /* Build configuration list for PBXNativeTarget "AnyAppUITests" */;
			buildPhases = (
				A9C25E1B29969A3E0028CA0A /* Sources */,
				A9C25E1C29969A3E0028CA0A /* Frameworks */,
				A9C25E1D29969A3E0028CA0A /* Resources */,
			);
			buildRules = (
			);
			dependencies = (
				A9C25E2129969A3E0028CA0A /* PBXTargetDependency */,
			);
			name = AnyAppUITests;
			productName = AnyAppUITests;
			productReference = A9C25E1F29969A3E0028CA0A /* AnyAppUITests.xctest */;
			productType = "com.apple.product-type.bundle.ui-testing";
		};
/* End PBXNativeTarget section */

/* Begin PBXProject section */
		A9C25DFD29969A3D0028CA0A /* Project object */ = {
			isa = PBXProject;
			attributes = {
				BuildIndependentTargetsInParallel = 1;
				LastSwiftUpdateCheck = 1420;
				LastUpgradeCheck = 1420;
				TargetAttributes = {
					A9C25E0429969A3D0028CA0A = {
						CreatedOnToolsVersion = 14.2;
					};
					A9C25E1429969A3E0028CA0A = {
						CreatedOnToolsVersion = 14.2;
						TestTargetID = A9C25E0429969A3D0028CA0A;
					};
					A9C25E1E29969A3E0028CA0A = {
						CreatedOnToolsVersion = 14.2;
						TestTargetID = A9C25E0429969A3D0028CA0A;
					};
				};
			};
			buildConfigurationList = A9C25E0029969A3D0028CA0A /* Build configuration list for PBXProject "AnyApp" */;
			compatibilityVersion = "Xcode 14.0";
			developmentRegion = en;
			hasScannedForEncodings = 0;
			knownRegions = (
				en,
				Base,
			);
			mainGroup = A9C25DFC29969A3D0028CA0A;
			productRefGroup = A9C25E0629969A3D0028CA0A /* Products */;
			projectDirPath = "";
			projectRoot = "";
			targets = (
				A9C25E0429969A3D0028CA0A /* AnyApp */,
				A9C25E1429969A3E0028CA0A /* AnyAppTests */,
				A9C25E1E29969A3E0028CA0A /* AnyAppUITests */,
			);
		};
/* End PBXProject section */

/* Begin PBXResourcesBuildPhase section */
		A9C25E0329969A3D0028CA0A /* Resources */ = {
			isa = PBXResourcesBuildPhase;
			buildActionMask = 2147483647;
			files = (
				A9C25E1029969A3E0028CA0A /* Preview Assets.xcassets in Resources */,
				A9C25E0D29969A3E0028CA0A /* Assets.xcassets in Resources */,
			);
			runOnlyForDeploymentPostprocessing = 0;
		};
		A9C25E1329969A3E0028CA0A /* Resources */ = {
			isa = PBXResourcesBuildPhase;
			buildActionMask = 2147483647;
			files = (
			);
			runOnlyForDeploymentPostprocessing = 0;
		};
		A9C25E1D29969A3E0028CA0A /* Resources */ = {
			isa = PBXResourcesBuildPhase;
			buildActionMask = 2147483647;
			files = (
			);
			runOnlyForDeploymentPostprocessing = 0;
		};
/* End PBXResourcesBuildPhase section */

/* Begin PBXSourcesBuildPhase section */
		A9C25E0129969A3D0028CA0A /* Sources */ = {
			isa = PBXSourcesBuildPhase;
			buildActionMask = 2147483647;
			files = (
				A9C25E0B29969A3D0028CA0A /* ContentView.swift in Sources */,
				A9C25E0929969A3D0028CA0A /* AnyAppApp.swift in Sources */,
			);
			runOnlyForDeploymentPostprocessing = 0;
		};
		A9C25E1129969A3E0028CA0A /* Sources */ = {
			isa = PBXSourcesBuildPhase;
			buildActionMask = 2147483647;
			files = (
				A9C25E1A29969A3E0028CA0A /* AnyAppTests.swift in Sources */,
			);
			runOnlyForDeploymentPostprocessing = 0;
		};
		A9C25E1B29969A3E0028CA0A /* Sources */ = {
			isa = PBXSourcesBuildPhase;
			buildActionMask = 2147483647;
			files = (
				A9C25E2429969A3E0028CA0A /* AnyAppUITests.swift in Sources */,
				A9C25E2629969A3E0028CA0A /* AnyAppUITestsLaunchTests.swift in Sources */,
			);
			runOnlyForDeploymentPostprocessing = 0;
		};
/* End PBXSourcesBuildPhase section */

/* Begin PBXTargetDependency section */
		A9C25E1729969A3E0028CA0A /* PBXTargetDependency */ = {
			isa = PBXTargetDependency;
			target = A9C25E0429969A3D0028CA0A /* AnyApp */;
			targetProxy = A9C25E1629969A3E0028CA0A /* PBXContainerItemProxy */;
		};
		A9C25E2129969A3E0028CA0A /* PBXTargetDependency */ = {
			isa = PBXTargetDependency;
			target = A9C25E0429969A3D0028CA0A /* AnyApp */;
			targetProxy = A9C25E2029969A3E0028CA0A /* PBXContainerItemProxy */;
		};
/* End PBXTargetDependency section */

/* Begin XCBuildConfiguration section */
		A9C25E2729969A3E0028CA0A /* Debug */ = {
			isa = XCBuildConfiguration;
			buildSettings = {
				ALWAYS_SEARCH_USER_PATHS = NO;
				CLANG_ANALYZER_NONNULL = YES;
				CLANG_ANALYZER_NUMBER_OBJECT_CONVERSION = YES_AGGRESSIVE;
				CLANG_CXX_LANGUAGE_STANDARD = "gnu++20";
				CLANG_ENABLE_MODULES = YES;
				CLANG_ENABLE_OBJC_ARC = YES;
				CLANG_ENABLE_OBJC_WEAK = YES;
				CLANG_WARN_BLOCK_CAPTURE_AUTORELEASING = YES;
				CLANG_WARN_BOOL_CONVERSION = YES;
				CLANG_WARN_COMMA = YES;
				CLANG_WARN_CONSTANT_CONVERSION = YES;
				CLANG_WARN_DEPRECATED_OBJC_IMPLEMENTATIONS = YES;
				CLANG_WARN_DIRECT_OBJC_ISA_USAGE = YES_ERROR;
				CLANG_WARN_DOCUMENTATION_COMMENTS = YES;
				CLANG_WARN_EMPTY_BODY = YES;
				CLANG_WARN_ENUM_CONVERSION = YES;
				CLANG_WARN_INFINITE_RECURSION = YES;
				CLANG_WARN_INT_CONVERSION = YES;
				CLANG_WARN_NON_LITERAL_NULL_CONVERSION = YES;
				CLANG_WARN_OBJC_IMPLICIT_RETAIN_SELF = YES;
				CLANG_WARN_OBJC_LITERAL_CONVERSION = YES;
				CLANG_WARN_OBJC_ROOT_CLASS = YES_ERROR;
				CLANG_WARN_QUOTED_INCLUDE_IN_FRAMEWORK_HEADER = YES;
				CLANG_WARN_RANGE_LOOP_ANALYSIS = YES;
				CLANG_WARN_STRICT_PROTOTYPES = YES;
				CLANG_WARN_SUSPICIOUS_MOVE = YES;
				CLANG_WARN_UNGUARDED_AVAILABILITY = YES_AGGRESSIVE;
				CLANG_WARN_UNREACHABLE_CODE = YES;
				CLANG_WARN__DUPLICATE_METHOD_MATCH = YES;
				COPY_PHASE_STRIP = NO;
				DEBUG_INFORMATION_FORMAT = dwarf;
				ENABLE_STRICT_OBJC_MSGSEND = YES;
				ENABLE_TESTABILITY = YES;
				GCC_C_LANGUAGE_STANDARD = gnu11;
				GCC_DYNAMIC_NO_PIC = NO;
				GCC_NO_COMMON_BLOCKS = YES;
				GCC_OPTIMIZATION_LEVEL = 0;
				GCC_PREPROCESSOR_DEFINITIONS = (
					"DEBUG=1",
					"$(inherited)",
				);
				GCC_WARN_64_TO_32_BIT_CONVERSION = YES;
				GCC_WARN_ABOUT_RETURN_TYPE = YES_ERROR;
				GCC_WARN_UNDECLARED_SELECTOR = YES;
				GCC_WARN_UNINITIALIZED_AUTOS = YES_AGGRESSIVE;
				GCC_WARN_UNUSED_FUNCTION = YES;
				GCC_WARN_UNUSED_VARIABLE = YES;
				IPHONEOS_DEPLOYMENT_TARGET = 16.2;
				MTL_ENABLE_DEBUG_INFO = INCLUDE_SOURCE;
				MTL_FAST_MATH = YES;
				ONLY_ACTIVE_ARCH = YES;
				SDKROOT = iphoneos;
				SWIFT_ACTIVE_COMPILATION_CONDITIONS = DEBUG;
				SWIFT_OPTIMIZATION_LEVEL = "-Onone";
			};
			name = Debug;
		};
		A9C25E2829969A3E0028CA0A /* Release */ = {
			isa = XCBuildConfiguration;
			buildSettings = {
				ALWAYS_SEARCH_USER_PATHS = NO;
				CLANG_ANALYZER_NONNULL = YES;
				CLANG_ANALYZER_NUMBER_OBJECT_CONVERSION = YES_AGGRESSIVE;
				CLANG_CXX_LANGUAGE_STANDARD = "gnu++20";
				CLANG_ENABLE_MODULES = YES;
				CLANG_ENABLE_OBJC_ARC = YES;
				CLANG_ENABLE_OBJC_WEAK = YES;
				CLANG_WARN_BLOCK_CAPTURE_AUTORELEASING = YES;
				CLANG_WARN_BOOL_CONVERSION = YES;
				CLANG_WARN_COMMA = YES;
				CLANG_WARN_CONSTANT_CONVERSION = YES;
				CLANG_WARN_DEPRECATED_OBJC_IMPLEMENTATIONS = YES;
				CLANG_WARN_DIRECT_OBJC_ISA_USAGE = YES_ERROR;
				CLANG_WARN_DOCUMENTATION_COMMENTS = YES;
				CLANG_WARN_EMPTY_BODY = YES;
				CLANG_WARN_ENUM_CONVERSION = YES;
				CLANG_WARN_INFINITE_RECURSION = YES;
				CLANG_WARN_INT_CONVERSION = YES;
				CLANG_WARN_NON_LITERAL_NULL_CONVERSION = YES;
				CLANG_WARN_OBJC_IMPLICIT_RETAIN_SELF = YES;
				CLANG_WARN_OBJC_LITERAL_CONVERSION = YES;
				CLANG_WARN_OBJC_ROOT_CLASS = YES_ERROR;
				CLANG_WARN_QUOTED_INCLUDE_IN_FRAMEWORK_HEADER = YES;
				CLANG_WARN_RANGE_LOOP_ANALYSIS = YES;
				CLANG_WARN_STRICT_PROTOTYPES = YES;
				CLANG_WARN_SUSPICIOUS_MOVE = YES;
				CLANG_WARN_UNGUARDED_AVAILABILITY = YES_AGGRESSIVE;
				CLANG_WARN_UNREACHABLE_CODE = YES;
				CLANG_WARN__DUPLICATE_METHOD_MATCH = YES;
				COPY_PHASE_STRIP = NO;
				DEBUG_INFORMATION_FORMAT = "dwarf-with-dsym";
				ENABLE_NS_ASSERTIONS = NO;
				ENABLE_STRICT_OBJC_MSGSEND = YES;
				GCC_C_LANGUAGE_STANDARD = gnu11;
				GCC_NO_COMMON_BLOCKS = YES;
				GCC_WARN_64_TO_32_BIT_CONVERSION = YES;
				GCC_WARN_ABOUT_RETURN_TYPE = YES_ERROR;
				GCC_WARN_UNDECLARED_SELECTOR = YES;
				GCC_WARN_UNINITIALIZED_AUTOS = YES_AGGRESSIVE;
				GCC_WARN_UNUSED_FUNCTION = YES;
				GCC_WARN_UNUSED_VARIABLE = YES;
				IPHONEOS_DEPLOYMENT_TARGET = 16.2;
				MTL_ENABLE_DEBUG_INFO = NO;
				MTL_FAST_MATH = YES;
				SDKROOT = iphoneos;
				SWIFT_COMPILATION_MODE = wholemodule;
				SWIFT_OPTIMIZATION_LEVEL = "-O";
				VALIDATE_PRODUCT = YES;
			};
			name = Release;
		};
		A9C25E2A29969A3E0028CA0A /* Debug */ = {
			isa = XCBuildConfiguration;
			buildSettings = {
				ASSETCATALOG_COMPILER_APPICON_NAME = AppIcon;
				ASSETCATALOG_COMPILER_GLOBAL_ACCENT_COLOR_NAME = AccentColor;
				CODE_SIGN_STYLE = Automatic;
				CURRENT_PROJECT_VERSION = 1;
				DEVELOPMENT_ASSET_PATHS = "\"AnyApp/Preview Content\"";
				ENABLE_PREVIEWS = YES;
				GENERATE_INFOPLIST_FILE = YES;
				INFOPLIST_KEY_UIApplicationSceneManifest_Generation = YES;
				INFOPLIST_KEY_UIApplicationSupportsIndirectInputEvents = YES;
				INFOPLIST_KEY_UILaunchScreen_Generation = YES;
				INFOPLIST_KEY_UISupportedInterfaceOrientations_iPad = "UIInterfaceOrientationPortrait UIInterfaceOrientationPortraitUpsideDown UIInterfaceOrientationLandscapeLeft UIInterfaceOrientationLandscapeRight";
				INFOPLIST_KEY_UISupportedInterfaceOrientations_iPhone = "UIInterfaceOrientationPortrait UIInterfaceOrientationLandscapeLeft UIInterfaceOrientationLandscapeRight";
				LD_RUNPATH_SEARCH_PATHS = (
					"$(inherited)",
					"@executable_path/Frameworks",
				);
				MARKETING_VERSION = 1.0;
				PRODUCT_BUNDLE_IDENTIFIER = com.test.AnyApp;
				PRODUCT_NAME = "$(TARGET_NAME)";
				SWIFT_EMIT_LOC_STRINGS = YES;
				SWIFT_VERSION = 5.0;
				TARGETED_DEVICE_FAMILY = "1,2";
			};
			name = Debug;
		};
		A9C25E2B29969A3E0028CA0A /* Release */ = {
			isa = XCBuildConfiguration;
			buildSettings = {
				ASSETCATALOG_COMPILER_APPICON_NAME = AppIcon;
				ASSETCATALOG_COMPILER_GLOBAL_ACCENT_COLOR_NAME = AccentColor;
				CODE_SIGN_STYLE = Automatic;
				CURRENT_PROJECT_VERSION = 1;
				DEVELOPMENT_ASSET_PATHS = "\"AnyApp/Preview Content\"";
				ENABLE_PREVIEWS = YES;
				GENERATE_INFOPLIST_FILE = YES;
				INFOPLIST_KEY_UIApplicationSceneManifest_Generation = YES;
				INFOPLIST_KEY_UIApplicationSupportsIndirectInputEvents = YES;
				INFOPLIST_KEY_UILaunchScreen_Generation = YES;
				INFOPLIST_KEY_UISupportedInterfaceOrientations_iPad = "UIInterfaceOrientationPortrait UIInterfaceOrientationPortraitUpsideDown UIInterfaceOrientationLandscapeLeft UIInterfaceOrientationLandscapeRight";
				INFOPLIST_KEY_UISupportedInterfaceOrientations_iPhone = "UIInterfaceOrientationPortrait UIInterfaceOrientationLandscapeLeft UIInterfaceOrientationLandscapeRight";
				LD_RUNPATH_SEARCH_PATHS = (
					"$(inherited)",
					"@executable_path/Frameworks",
				);
				MARKETING_VERSION = 1.0;
				PRODUCT_BUNDLE_IDENTIFIER = com.test.AnyApp;
				PRODUCT_NAME = "$(TARGET_NAME)";
				SWIFT_EMIT_LOC_STRINGS = YES;
				SWIFT_VERSION = 5.0;
				TARGETED_DEVICE_FAMILY = "1,2";
			};
			name = Release;
		};
		A9C25E2D29969A3E0028CA0A /* Debug */ = {
			isa = XCBuildConfiguration;
			buildSettings = {
				ALWAYS_EMBED_SWIFT_STANDARD_LIBRARIES = YES;
				BUNDLE_LOADER = "$(TEST_HOST)";
				CODE_SIGN_STYLE = Automatic;
				CURRENT_PROJECT_VERSION = 1;
				GENERATE_INFOPLIST_FILE = YES;
				IPHONEOS_DEPLOYMENT_TARGET = 16.2;
				MARKETING_VERSION = 1.0;
				PRODUCT_BUNDLE_IDENTIFIER = com.test.AnyAppTests;
				PRODUCT_NAME = "$(TARGET_NAME)";
				SWIFT_EMIT_LOC_STRINGS = NO;
				SWIFT_VERSION = 5.0;
				TARGETED_DEVICE_FAMILY = "1,2";
				TEST_HOST = "$(BUILT_PRODUCTS_DIR)/AnyApp.app/$(BUNDLE_EXECUTABLE_FOLDER_PATH)/AnyApp";
			};
			name = Debug;
		};
		A9C25E2E29969A3E0028CA0A /* Release */ = {
			isa = XCBuildConfiguration;
			buildSettings = {
				ALWAYS_EMBED_SWIFT_STANDARD_LIBRARIES = YES;
				BUNDLE_LOADER = "$(TEST_HOST)";
				CODE_SIGN_STYLE = Automatic;
				CURRENT_PROJECT_VERSION = 1;
				GENERATE_INFOPLIST_FILE = YES;
				IPHONEOS_DEPLOYMENT_TARGET = 16.2;
				MARKETING_VERSION = 1.0;
				PRODUCT_BUNDLE_IDENTIFIER = com.test.AnyAppTests;
				PRODUCT_NAME = "$(TARGET_NAME)";
				SWIFT_EMIT_LOC_STRINGS = NO;
				SWIFT_VERSION = 5.0;
				TARGETED_DEVICE_FAMILY = "1,2";
				TEST_HOST = "$(BUILT_PRODUCTS_DIR)/AnyApp.app/$(BUNDLE_EXECUTABLE_FOLDER_PATH)/AnyApp";
			};
			name = Release;
		};
		A9C25E3029969A3E0028CA0A /* Debug */ = {
			isa = XCBuildConfiguration;
			buildSettings = {
				ALWAYS_EMBED_SWIFT_STANDARD_LIBRARIES = YES;
				CODE_SIGN_STYLE = Automatic;
				CURRENT_PROJECT_VERSION = 1;
				GENERATE_INFOPLIST_FILE = YES;
				MARKETING_VERSION = 1.0;
				PRODUCT_BUNDLE_IDENTIFIER = com.test.AnyAppUITests;
				PRODUCT_NAME = "$(TARGET_NAME)";
				SWIFT_EMIT_LOC_STRINGS = NO;
				SWIFT_VERSION = 5.0;
				TARGETED_DEVICE_FAMILY = "1,2";
				TEST_TARGET_NAME = AnyApp;
			};
			name = Debug;
		};
		A9C25E3129969A3E0028CA0A /* Release */ = {
			isa = XCBuildConfiguration;
			buildSettings = {
				ALWAYS_EMBED_SWIFT_STANDARD_LIBRARIES = YES;
				CODE_SIGN_STYLE = Automatic;
				CURRENT_PROJECT_VERSION = 1;
				GENERATE_INFOPLIST_FILE = YES;
				MARKETING_VERSION = 1.0;
				PRODUCT_BUNDLE_IDENTIFIER = com.test.AnyAppUITests;
				PRODUCT_NAME = "$(TARGET_NAME)";
				SWIFT_EMIT_LOC_STRINGS = NO;
				SWIFT_VERSION = 5.0;
				TARGETED_DEVICE_FAMILY = "1,2";
				TEST_TARGET_NAME = AnyApp;
			};
			name = Release;
		};
/* End XCBuildConfiguration section */

/* Begin XCConfigurationList section */
		A9C25E0029969A3D0028CA0A /* Build configuration list for PBXProject "AnyApp" */ = {
			isa = XCConfigurationList;
			buildConfigurations = (
				A9C25E2729969A3E0028CA0A /* Debug */,
				A9C25E2829969A3E0028CA0A /* Release */,
			);
			defaultConfigurationIsVisible = 0;
			defaultConfigurationName = Release;
		};
		A9C25E2929969A3E0028CA0A /* Build configuration list for PBXNativeTarget "AnyApp" */ = {
			isa = XCConfigurationList;
			buildConfigurations = (
				A9C25E2A29969A3E0028CA0A /* Debug */,
				A9C25E2B29969A3E0028CA0A /* Release */,
			);
			defaultConfigurationIsVisible = 0;
			defaultConfigurationName = Release;
		};
		A9C25E2C29969A3E0028CA0A /* Build configuration list for PBXNativeTarget "AnyAppTests" */ = {
			isa = XCConfigurationList;
			buildConfigurations = (
				A9C25E2D29969A3E0028CA0A /* Debug */,
				A9C25E2E29969A3E0028CA0A /* Release */,
			);
			defaultConfigurationIsVisible = 0;
			defaultConfigurationName = Release;
		};
		A9C25E2F29969A3E0028CA0A /* Build configuration list for PBXNativeTarget "AnyAppUITests" */ = {
			isa = XCConfigurationList;
			buildConfigurations = (
				A9C25E3029969A3E0028CA0A /* Debug */,
				A9C25E3129969A3E0028CA0A /* Release */,
			);
			defaultConfigurationIsVisible = 0;
			defaultConfigurationName = Release;
		};
/* End XCConfigurationList section */
	};
	rootObject = A9C25DFD29969A3D0028CA0A /* Project object */;
}
